
Microsoft Visual Studio Solution File, Format Version 12.00
# Visual Studio Version 17
VisualStudioVersion = 17.7.34221.43
MinimumVisualStudioVersion = 10.0.40219.1
Project("{9A19103F-16F7-4668-BE54-9A1E7A4F7556}") = "TestTaskForBlazorCamp", "TestTaskForBlazorCamp.csproj", "{27990644-AE4B-4F20-AC94-E66535139477}"
EndProject
Project("{FAE04EC0-301F-11D3-BF4B-00C04F79EFBC}") = "TestTaskUnitProject", "..\TestTaskUnitProject\TestTaskUnitProject.csproj", "{AAD6441D-418B-4A0E-85DE-C4E6AB0591F3}"
EndProject
Global
	GlobalSection(SolutionConfigurationPlatforms) = preSolution
		Debug|Any CPU = Debug|Any CPU
		Release|Any CPU = Release|Any CPU
	EndGlobalSection
	GlobalSection(ProjectConfigurationPlatforms) = postSolution
		{27990644-AE4B-4F20-AC94-E66535139477}.Debug|Any CPU.ActiveCfg = Debug|Any CPU
		{27990644-AE4B-4F20-AC94-E66535139477}.Debug|Any CPU.Build.0 = Debug|Any CPU
		{27990644-AE4B-4F20-AC94-E66535139477}.Release|Any CPU.ActiveCfg = Release|Any CPU
		{27990644-AE4B-4F20-AC94-E66535139477}.Release|Any CPU.Build.0 = Release|Any CPU
		{AAD6441D-418B-4A0E-85DE-C4E6AB0591F3}.Debug|Any CPU.ActiveCfg = Debug|Any CPU
		{AAD6441D-418B-4A0E-85DE-C4E6AB0591F3}.Debug|Any CPU.Build.0 = Debug|Any CPU
		{AAD6441D-418B-4A0E-85DE-C4E6AB0591F3}.Release|Any CPU.ActiveCfg = Release|Any CPU
		{AAD6441D-418B-4A0E-85DE-C4E6AB0591F3}.Release|Any CPU.Build.0 = Release|Any CPU
	EndGlobalSection
	GlobalSection(SolutionProperties) = preSolution
		HideSolutionNode = FALSE
	EndGlobalSection
	GlobalSection(ExtensibilityGlobals) = postSolution
		SolutionGuid = {465B3BFA-8E69-417A-B709-7B7C63A0D5F7}
	EndGlobalSection
EndGlobal
